# This file is automatically @generated by Cargo.
# It is not intended for manual editing.
[[package]]
name = "block"
version = "0.1.0"
dependencies = [
 "merkle 0.1.0",
 "utils 0.1.0",
]

[[package]]
name = "merkle"
version = "0.1.0"

[[package]]
name = "plasma-mvp-rust"
version = "0.1.0"
dependencies = [
 "block 0.1.0",
]

[[package]]
name = "utils"
version = "0.1.0"

