// !$*UTF8*$!
{
	archiveVersion = 1;
	classes = {
	};
	objectVersion = 48;
	objects = {

/* Begin PBXBuildFile section */
		A86324DA1FAEC61C00D0B079 /* main.swift in Sources */ = {isa = PBXBuildFile; fileRef = A86324D91FAEC61C00D0B079 /* main.swift */; };
		A86324E21FAEC77300D0B079 /* User.swift in Sources */ = {isa = PBXBuildFile; fileRef = A86324E11FAEC77300D0B079 /* User.swift */; };
		A86324E41FAEC79C00D0B079 /* Repository.swift in Sources */ = {isa = PBXBuildFile; fileRef = A86324E31FAEC79C00D0B079 /* Repository.swift */; };
		A86324E61FAEC7EE00D0B079 /* JSONDecodeError.swift in Sources */ = {isa = PBXBuildFile; fileRef = A86324E51FAEC7EE00D0B079 /* JSONDecodeError.swift */; };
		A86324E81FB3C7A400D0B079 /* JSONDecodable.swift in Sources */ = {isa = PBXBuildFile; fileRef = A86324E71FB3C7A400D0B079 /* JSONDecodable.swift */; };
/* End PBXBuildFile section */

/* Begin PBXCopyFilesBuildPhase section */
		A86324D41FAEC61C00D0B079 /* CopyFiles */ = {
			isa = PBXCopyFilesBuildPhase;
			buildActionMask = 2147483647;
			dstPath = /usr/share/man/man1/;
			dstSubfolderSpec = 0;
			files = (
			);
			runOnlyForDeploymentPostprocessing = 1;
		};
/* End PBXCopyFilesBuildPhase section */

/* Begin PBXFileReference section */
		A86324D61FAEC61C00D0B079 /* GitHubSearchRepository */ = {isa = PBXFileReference; explicitFileType = "compiled.mach-o.executable"; includeInIndex = 0; path = GitHubSearchRepository; sourceTree = BUILT_PRODUCTS_DIR; };
		A86324D91FAEC61C00D0B079 /* main.swift */ = {isa = PBXFileReference; lastKnownFileType = sourcecode.swift; path = main.swift; sourceTree = "<group>"; };
		A86324E11FAEC77300D0B079 /* User.swift */ = {isa = PBXFileReference; lastKnownFileType = sourcecode.swift; path = User.swift; sourceTree = "<group>"; };
		A86324E31FAEC79C00D0B079 /* Repository.swift */ = {isa = PBXFileReference; lastKnownFileType = sourcecode.swift; path = Repository.swift; sourceTree = "<group>"; };
		A86324E51FAEC7EE00D0B079 /* JSONDecodeError.swift */ = {isa = PBXFileReference; lastKnownFileType = sourcecode.swift; path = JSONDecodeError.swift; sourceTree = "<group>"; };
		A86324E71FB3C7A400D0B079 /* JSONDecodable.swift */ = {isa = PBXFileReference; lastKnownFileType = sourcecode.swift; path = JSONDecodable.swift; sourceTree = "<group>"; };
/* End PBXFileReference section */

/* Begin PBXFrameworksBuildPhase section */
		A86324D31FAEC61C00D0B079 /* Frameworks */ = {
			isa = PBXFrameworksBuildPhase;
			buildActionMask = 2147483647;
			files = (
			);
			runOnlyForDeploymentPostprocessing = 0;
		};
/* End PBXFrameworksBuildPhase section */

/* Begin PBXGroup section */
		A86324CD1FAEC61C00D0B079 = {
			isa = PBXGroup;
			children = (
				A86324D81FAEC61C00D0B079 /* GitHubSearchRepository */,
				A86324D71FAEC61C00D0B079 /* Products */,
			);
			sourceTree = "<group>";
		};
		A86324D71FAEC61C00D0B079 /* Products */ = {
			isa = PBXGroup;
			children = (
				A86324D61FAEC61C00D0B079 /* GitHubSearchRepository */,
			);
			name = Products;
			sourceTree = "<group>";
		};
		A86324D81FAEC61C00D0B079 /* GitHubSearchRepository */ = {
			isa = PBXGroup;
			children = (
				A86324E01FAEC75500D0B079 /* Response */,
				A86324D91FAEC61C00D0B079 /* main.swift */,
			);
			path = GitHubSearchRepository;
			sourceTree = "<group>";
		};
		A86324E01FAEC75500D0B079 /* Response */ = {
			isa = PBXGroup;
			children = (
				A86324E11FAEC77300D0B079 /* User.swift */,
				A86324E31FAEC79C00D0B079 /* Repository.swift */,
				A86324E51FAEC7EE00D0B079 /* JSONDecodeError.swift */,
				A86324E71FB3C7A400D0B079 /* JSONDecodable.swift */,
			);
			path = Response;
			sourceTree = "<group>";
		};
/* End PBXGroup section */

/* Begin PBXNativeTarget section */
		A86324D51FAEC61C00D0B079 /* GitHubSearchRepository */ = {
			isa = PBXNativeTarget;
			buildConfigurationList = A86324DD1FAEC61C00D0B079 /* Build configuration list for PBXNativeTarget "GitHubSearchRepository" */;
			buildPhases = (
				A86324D21FAEC61C00D0B079 /* Sources */,
				A86324D31FAEC61C00D0B079 /* Frameworks */,
				A86324D41FAEC61C00D0B079 /* CopyFiles */,
			);
			buildRules = (
			);
			dependencies = (
			);
			name = GitHubSearchRepository;
			productName = GitHubSearchRepository;
			productReference = A86324D61FAEC61C00D0B079 /* GitHubSearchRepository */;
			productType = "com.apple.product-type.tool";
		};
/* End PBXNativeTarget section */

/* Begin PBXProject section */
		A86324CE1FAEC61C00D0B079 /* Project object */ = {
			isa = PBXProject;
			attributes = {
				LastSwiftUpdateCheck = 0900;
				LastUpgradeCheck = 0900;
				ORGANIZATIONNAME = "SHIKI TAKAHASHI";
				TargetAttributes = {
					A86324D51FAEC61C00D0B079 = {
						CreatedOnToolsVersion = 9.0.1;
						ProvisioningStyle = Automatic;
					};
				};
			};
			buildConfigurationList = A86324D11FAEC61C00D0B079 /* Build configuration list for PBXProject "GitHubSearchRepository" */;
			compatibilityVersion = "Xcode 8.0";
			developmentRegion = en;
			hasScannedForEncodings = 0;
			knownRegions = (
				en,
			);
			mainGroup = A86324CD1FAEC61C00D0B079;
			productRefGroup = A86324D71FAEC61C00D0B079 /* Products */;
			projectDirPath = "";
			projectRoot = "";
			targets = (
				A86324D51FAEC61C00D0B079 /* GitHubSearchRepository */,
			);
		};
/* End PBXProject section */

/* Begin PBXSourcesBuildPhase section */
		A86324D21FAEC61C00D0B079 /* Sources */ = {
			isa = PBXSourcesBuildPhase;
			buildActionMask = 2147483647;
			files = (
				A86324E61FAEC7EE00D0B079 /* JSONDecodeError.swift in Sources */,
				A86324E81FB3C7A400D0B079 /* JSONDecodable.swift in Sources */,
				A86324E21FAEC77300D0B079 /* User.swift in Sources */,
				A86324DA1FAEC61C00D0B079 /* main.swift in Sources */,
				A86324E41FAEC79C00D0B079 /* Repository.swift in Sources */,
			);
			runOnlyForDeploymentPostprocessing = 0;
		};
/* End PBXSourcesBuildPhase section */

/* Begin XCBuildConfiguration section */
		A86324DB1FAEC61C00D0B079 /* Debug */ = {
			isa = XCBuildConfiguration;
			buildSettings = {
				ALWAYS_SEARCH_USER_PATHS = NO;
				CLANG_ANALYZER_NONNULL = YES;
				CLANG_ANALYZER_NUMBER_OBJECT_CONVERSION = YES_AGGRESSIVE;
				CLANG_CXX_LANGUAGE_STANDARD = "gnu++14";
				CLANG_CXX_LIBRARY = "libc++";
				CLANG_ENABLE_MODULES = YES;
				CLANG_ENABLE_OBJC_ARC = YES;
				CLANG_WARN_BLOCK_CAPTURE_AUTORELEASING = YES;
				CLANG_WARN_BOOL_CONVERSION = YES;
				CLANG_WARN_COMMA = YES;
				CLANG_WARN_CONSTANT_CONVERSION = YES;
				CLANG_WARN_DIRECT_OBJC_ISA_USAGE = YES_ERROR;
				CLANG_WARN_DOCUMENTATION_COMMENTS = YES;
				CLANG_WARN_EMPTY_BODY = YES;
				CLANG_WARN_ENUM_CONVERSION = YES;
				CLANG_WARN_INFINITE_RECURSION = YES;
				CLANG_WARN_INT_CONVERSION = YES;
				CLANG_WARN_NON_LITERAL_NULL_CONVERSION = YES;
				CLANG_WARN_OBJC_LITERAL_CONVERSION = YES;
				CLANG_WARN_OBJC_ROOT_CLASS = YES_ERROR;
				CLANG_WARN_RANGE_LOOP_ANALYSIS = YES;
				CLANG_WARN_STRICT_PROTOTYPES = YES;
				CLANG_WARN_SUSPICIOUS_MOVE = YES;
				CLANG_WARN_UNGUARDED_AVAILABILITY = YES_AGGRESSIVE;
				CLANG_WARN_UNREACHABLE_CODE = YES;
				CLANG_WARN__DUPLICATE_METHOD_MATCH = YES;
				CODE_SIGN_IDENTITY = "-";
				COPY_PHASE_STRIP = NO;
				DEBUG_INFORMATION_FORMAT = dwarf;
				ENABLE_STRICT_OBJC_MSGSEND = YES;
				ENABLE_TESTABILITY = YES;
				GCC_C_LANGUAGE_STANDARD = gnu11;
				GCC_DYNAMIC_NO_PIC = NO;
				GCC_NO_COMMON_BLOCKS = YES;
				GCC_OPTIMIZATION_LEVEL = 0;
				GCC_PREPROCESSOR_DEFINITIONS = (
					"DEBUG=1",
					"$(inherited)",
				);
				GCC_WARN_64_TO_32_BIT_CONVERSION = YES;
				GCC_WARN_ABOUT_RETURN_TYPE = YES_ERROR;
				GCC_WARN_UNDECLARED_SELECTOR = YES;
				GCC_WARN_UNINITIALIZED_AUTOS = YES_AGGRESSIVE;
				GCC_WARN_UNUSED_FUNCTION = YES;
				GCC_WARN_UNUSED_VARIABLE = YES;
				MACOSX_DEPLOYMENT_TARGET = 10.12;
				MTL_ENABLE_DEBUG_INFO = YES;
				ONLY_ACTIVE_ARCH = YES;
				SDKROOT = macosx;
				SWIFT_ACTIVE_COMPILATION_CONDITIONS = DEBUG;
				SWIFT_OPTIMIZATION_LEVEL = "-Onone";
			};
			name = Debug;
		};
		A86324DC1FAEC61C00D0B079 /* Release */ = {
			isa = XCBuildConfiguration;
			buildSettings = {
				ALWAYS_SEARCH_USER_PATHS = NO;
				CLANG_ANALYZER_NONNULL = YES;
				CLANG_ANALYZER_NUMBER_OBJECT_CONVERSION = YES_AGGRESSIVE;
				CLANG_CXX_LANGUAGE_STANDARD = "gnu++14";
				CLANG_CXX_LIBRARY = "libc++";
				CLANG_ENABLE_MODULES = YES;
				CLANG_ENABLE_OBJC_ARC = YES;
				CLANG_WARN_BLOCK_CAPTURE_AUTORELEASING = YES;
				CLANG_WARN_BOOL_CONVERSION = YES;
				CLANG_WARN_COMMA = YES;
				CLANG_WARN_CONSTANT_CONVERSION = YES;
				CLANG_WARN_DIRECT_OBJC_ISA_USAGE = YES_ERROR;
				CLANG_WARN_DOCUMENTATION_COMMENTS = YES;
				CLANG_WARN_EMPTY_BODY = YES;
				CLANG_WARN_ENUM_CONVERSION = YES;
				CLANG_WARN_INFINITE_RECURSION = YES;
				CLANG_WARN_INT_CONVERSION = YES;
				CLANG_WARN_NON_LITERAL_NULL_CONVERSION = YES;
				CLANG_WARN_OBJC_LITERAL_CONVERSION = YES;
				CLANG_WARN_OBJC_ROOT_CLASS = YES_ERROR;
				CLANG_WARN_RANGE_LOOP_ANALYSIS = YES;
				CLANG_WARN_STRICT_PROTOTYPES = YES;
				CLANG_WARN_SUSPICIOUS_MOVE = YES;
				CLANG_WARN_UNGUARDED_AVAILABILITY = YES_AGGRESSIVE;
				CLANG_WARN_UNREACHABLE_CODE = YES;
				CLANG_WARN__DUPLICATE_METHOD_MATCH = YES;
				CODE_SIGN_IDENTITY = "-";
				COPY_PHASE_STRIP = NO;
				DEBUG_INFORMATION_FORMAT = "dwarf-with-dsym";
				ENABLE_NS_ASSERTIONS = NO;
				ENABLE_STRICT_OBJC_MSGSEND = YES;
				GCC_C_LANGUAGE_STANDARD = gnu11;
				GCC_NO_COMMON_BLOCKS = YES;
				GCC_WARN_64_TO_32_BIT_CONVERSION = YES;
				GCC_WARN_ABOUT_RETURN_TYPE = YES_ERROR;
				GCC_WARN_UNDECLARED_SELECTOR = YES;
				GCC_WARN_UNINITIALIZED_AUTOS = YES_AGGRESSIVE;
				GCC_WARN_UNUSED_FUNCTION = YES;
				GCC_WARN_UNUSED_VARIABLE = YES;
				MACOSX_DEPLOYMENT_TARGET = 10.12;
				MTL_ENABLE_DEBUG_INFO = NO;
				SDKROOT = macosx;
				SWIFT_OPTIMIZATION_LEVEL = "-Owholemodule";
			};
			name = Release;
		};
		A86324DE1FAEC61C00D0B079 /* Debug */ = {
			isa = XCBuildConfiguration;
			buildSettings = {
				CODE_SIGN_STYLE = Automatic;
				PRODUCT_NAME = "$(TARGET_NAME)";
				SWIFT_VERSION = 4.0;
			};
			name = Debug;
		};
		A86324DF1FAEC61C00D0B079 /* Release */ = {
			isa = XCBuildConfiguration;
			buildSettings = {
				CODE_SIGN_STYLE = Automatic;
				PRODUCT_NAME = "$(TARGET_NAME)";
				SWIFT_VERSION = 4.0;
			};
			name = Release;
		};
/* End XCBuildConfiguration section */

/* Begin XCConfigurationList section */
		A86324D11FAEC61C00D0B079 /* Build configuration list for PBXProject "GitHubSearchRepository" */ = {
			isa = XCConfigurationList;
			buildConfigurations = (
				A86324DB1FAEC61C00D0B079 /* Debug */,
				A86324DC1FAEC61C00D0B079 /* Release */,
			);
			defaultConfigurationIsVisible = 0;
			defaultConfigurationName = Release;
		};
		A86324DD1FAEC61C00D0B079 /* Build configuration list for PBXNativeTarget "GitHubSearchRepository" */ = {
			isa = XCConfigurationList;
			buildConfigurations = (
				A86324DE1FAEC61C00D0B079 /* Debug */,
				A86324DF1FAEC61C00D0B079 /* Release */,
			);
			defaultConfigurationIsVisible = 0;
			defaultConfigurationName = Release;
		};
/* End XCConfigurationList section */
	};
	rootObject = A86324CE1FAEC61C00D0B079 /* Project object */;
}
